// !$*UTF8*$!
{
	archiveVersion = 1;
	classes = {
	};
	objectVersion = 54;
	objects = {

/* Begin PBXBuildFile section */
		0C80B921A6F3F58F76C31292 /* libPods-frontend.a in Frameworks */ = {isa = PBXBuildFile; fileRef = 5DCACB8F33CDC322A6C60F78 /* libPods-frontend.a */; };
		13B07FBF1A68108700A75B9A /* Images.xcassets in Resources */ = {isa = PBXBuildFile; fileRef = 13B07FB51A68108700A75B9A /* Images.xcassets */; };
		761780ED2CA45674006654EE /* AppDelegate.swift in Sources */ = {isa = PBXBuildFile; fileRef = 761780EC2CA45674006654EE /* AppDelegate.swift */; };
		81AB9BB82411601600AC10FF /* LaunchScreen.storyboard in Resources */ = {isa = PBXBuildFile; fileRef = 81AB9BB72411601600AC10FF /* LaunchScreen.storyboard */; };
		04F13853AEE24C8D9283720E /* Inter-Italic-VariableFont_opsz,wght.ttf in Resources */ = {isa = PBXBuildFile; fileRef = 7B1CA3D1FA60493EBE8BA686 /* Inter-Italic-VariableFont_opsz,wght.ttf */; };
		DEC553F9679443DD993AB8B7 /* Inter.ttf in Resources */ = {isa = PBXBuildFile; fileRef = E45708BED1F3489CA9E51D19 /* Inter.ttf */; };
		8AD3DE6E8E644FE38B8E7892 /* Inter_18pt-Black.ttf in Resources */ = {isa = PBXBuildFile; fileRef = 811E5529304342B5A4F96FA9 /* Inter_18pt-Black.ttf */; };
		62C9A53A4D9F47B689CD13ED /* Inter_18pt-BlackItalic.ttf in Resources */ = {isa = PBXBuildFile; fileRef = 25B1EAD1187F47658605CE71 /* Inter_18pt-BlackItalic.ttf */; };
		DBDF2A4B500B483DAECB50AC /* Inter_18pt-Bold.ttf in Resources */ = {isa = PBXBuildFile; fileRef = 2A805A24FD434BC9957D1984 /* Inter_18pt-Bold.ttf */; };
		B621149D059843C1926B00C9 /* Inter_18pt-BoldItalic.ttf in Resources */ = {isa = PBXBuildFile; fileRef = B54139FF50264D7BA790D829 /* Inter_18pt-BoldItalic.ttf */; };
		2B6CC0BCA2024A628600B486 /* Inter_18pt-ExtraBold.ttf in Resources */ = {isa = PBXBuildFile; fileRef = FB9A5D436D2649B8AA873B77 /* Inter_18pt-ExtraBold.ttf */; };
		A821EBCF09F64ED09004F997 /* Inter_18pt-ExtraBoldItalic.ttf in Resources */ = {isa = PBXBuildFile; fileRef = 64024A3DB36540E680CA6324 /* Inter_18pt-ExtraBoldItalic.ttf */; };
		952BF6216AC04AD491E7185F /* Inter_18pt-ExtraLight.ttf in Resources */ = {isa = PBXBuildFile; fileRef = 2F06766C2AF94B7CBBCB2F4C /* Inter_18pt-ExtraLight.ttf */; };
		170FEA6A9B1A40309B8DAC8F /* Inter_18pt-ExtraLightItalic.ttf in Resources */ = {isa = PBXBuildFile; fileRef = 5C808CD0617248378DD648BD /* Inter_18pt-ExtraLightItalic.ttf */; };
		F5E36A5C57064FC6959A71D1 /* Inter_18pt-Italic.ttf in Resources */ = {isa = PBXBuildFile; fileRef = 82D883570E97457884E0D17F /* Inter_18pt-Italic.ttf */; };
		EDB16487823F4AA1AE37E9E9 /* Inter_18pt-Light.ttf in Resources */ = {isa = PBXBuildFile; fileRef = AEEB75B4CE874A438574637F /* Inter_18pt-Light.ttf */; };
		CC0AD8EE6E934A708FD72A8B /* Inter_18pt-LightItalic.ttf in Resources */ = {isa = PBXBuildFile; fileRef = 8381508596084AF79C91F93D /* Inter_18pt-LightItalic.ttf */; };
		9DD9D636851A4C649EF30A86 /* Inter_18pt-Medium.ttf in Resources */ = {isa = PBXBuildFile; fileRef = 90FD5C99AF614D5791E65DB9 /* Inter_18pt-Medium.ttf */; };
		95F1646B4F1947909CCCDA0E /* Inter_18pt-MediumItalic.ttf in Resources */ = {isa = PBXBuildFile; fileRef = E1899F06040C4A6BA27A5FBA /* Inter_18pt-MediumItalic.ttf */; };
		B7FFF96013634BCB82EDD0F2 /* Inter_18pt-Regular.ttf in Resources */ = {isa = PBXBuildFile; fileRef = BA803E4EB6D949CA9C1525FE /* Inter_18pt-Regular.ttf */; };
		6118A7C9A4594D12B902FCF3 /* Inter_18pt-SemiBold.ttf in Resources */ = {isa = PBXBuildFile; fileRef = 917D34EE8933468FBBA697F4 /* Inter_18pt-SemiBold.ttf */; };
		3F35B36F1DF6401499A8961B /* Inter_18pt-SemiBoldItalic.ttf in Resources */ = {isa = PBXBuildFile; fileRef = C8AB65EEA9354D7BB0DAF45A /* Inter_18pt-SemiBoldItalic.ttf */; };
		FA54FBDF1BC54DC0BAE184E3 /* Inter_18pt-Thin.ttf in Resources */ = {isa = PBXBuildFile; fileRef = BE771A0793FD4E4ABBD6AA6E /* Inter_18pt-Thin.ttf */; };
		89C90B55BC7842B5BE26369E /* Inter_18pt-ThinItalic.ttf in Resources */ = {isa = PBXBuildFile; fileRef = 568AD59BA10E4F85BF3B4CE8 /* Inter_18pt-ThinItalic.ttf */; };
		9049A926234F42BBA621C787 /* Inter_24pt-Black.ttf in Resources */ = {isa = PBXBuildFile; fileRef = 9C032275925445BEA3D8024B /* Inter_24pt-Black.ttf */; };
		7FF1F4C6444144369A5AA3D7 /* Inter_24pt-BlackItalic.ttf in Resources */ = {isa = PBXBuildFile; fileRef = 257D78C045994B8EB75EA6B5 /* Inter_24pt-BlackItalic.ttf */; };
		08E20A782A494BF190140292 /* Inter_24pt-Bold.ttf in Resources */ = {isa = PBXBuildFile; fileRef = 6F6C2335154F466A82FB9260 /* Inter_24pt-Bold.ttf */; };
		084A8108A858471A8CAF5C00 /* Inter_24pt-BoldItalic.ttf in Resources */ = {isa = PBXBuildFile; fileRef = 0D099B2C801948B282A6D2E1 /* Inter_24pt-BoldItalic.ttf */; };
		29260641236E45029D036E21 /* Inter_24pt-ExtraBold.ttf in Resources */ = {isa = PBXBuildFile; fileRef = BB56349763BE4DDE9DECE7B7 /* Inter_24pt-ExtraBold.ttf */; };
		7A664BB4C35F4245B1FBC0CD /* Inter_24pt-ExtraBoldItalic.ttf in Resources */ = {isa = PBXBuildFile; fileRef = 424DC1E3446A4136AF29C63D /* Inter_24pt-ExtraBoldItalic.ttf */; };
		C8A77D78343147229E073F51 /* Inter_24pt-ExtraLight.ttf in Resources */ = {isa = PBXBuildFile; fileRef = ABFAAE94A3D9455BA848D74F /* Inter_24pt-ExtraLight.ttf */; };
		5D2C5CAC040A490BAAA39C54 /* Inter_24pt-ExtraLightItalic.ttf in Resources */ = {isa = PBXBuildFile; fileRef = 76DEB7FE78C64D44BC5257BA /* Inter_24pt-ExtraLightItalic.ttf */; };
		C4FCE7238578477890CEBDF5 /* Inter_24pt-Italic.ttf in Resources */ = {isa = PBXBuildFile; fileRef = B6D77C56472D411B97B909F7 /* Inter_24pt-Italic.ttf */; };
		E79DF547E5A74A999FBDDED9 /* Inter_24pt-Light.ttf in Resources */ = {isa = PBXBuildFile; fileRef = 24E28B7225F74E69871B609A /* Inter_24pt-Light.ttf */; };
		8C3C8DAC195A48BDB2E57440 /* Inter_24pt-LightItalic.ttf in Resources */ = {isa = PBXBuildFile; fileRef = EFAB773999B745B8B43C9F96 /* Inter_24pt-LightItalic.ttf */; };
		83B0AA3873C04C85B2B1178B /* Inter_24pt-Medium.ttf in Resources */ = {isa = PBXBuildFile; fileRef = 75F0B98020DC4728B091EA39 /* Inter_24pt-Medium.ttf */; };
		D38B5E9D3D4D48E0B38EB849 /* Inter_24pt-MediumItalic.ttf in Resources */ = {isa = PBXBuildFile; fileRef = 7C3E5F51C882441FB0EA1E15 /* Inter_24pt-MediumItalic.ttf */; };
		EB9BFEBCE74F47ADBF211015 /* Inter_24pt-Regular.ttf in Resources */ = {isa = PBXBuildFile; fileRef = 2C62DF060C6240409F71C2CE /* Inter_24pt-Regular.ttf */; };
		9444F4262F074A609D84F1CF /* Inter_24pt-SemiBold.ttf in Resources */ = {isa = PBXBuildFile; fileRef = FAA183EA7FA8475E8B47268A /* Inter_24pt-SemiBold.ttf */; };
		3210D9C9A6244DFD8D043E42 /* Inter_24pt-SemiBoldItalic.ttf in Resources */ = {isa = PBXBuildFile; fileRef = 15D62C41FF6C47E98969DE4E /* Inter_24pt-SemiBoldItalic.ttf */; };
		2A070DB06C8E43ADA5CF310C /* Inter_24pt-Thin.ttf in Resources */ = {isa = PBXBuildFile; fileRef = BB7647DE074D40DFA5C9203E /* Inter_24pt-Thin.ttf */; };
		B5FF4ADAA7A74B9D9C090CBE /* Inter_24pt-ThinItalic.ttf in Resources */ = {isa = PBXBuildFile; fileRef = 4BA6512DA16047B2923668E8 /* Inter_24pt-ThinItalic.ttf */; };
		B68F554FDC9844F2A16F2FAB /* Inter_28pt-Black.ttf in Resources */ = {isa = PBXBuildFile; fileRef = 4712A49A3454405D8E03CA9B /* Inter_28pt-Black.ttf */; };
		BF3741AAADEE47F493932F2A /* Inter_28pt-BlackItalic.ttf in Resources */ = {isa = PBXBuildFile; fileRef = 4D8EFC1CC7914632885FDEBE /* Inter_28pt-BlackItalic.ttf */; };
		14688D438B054ABCA0C86F80 /* Inter_28pt-Bold.ttf in Resources */ = {isa = PBXBuildFile; fileRef = 9F154A36159C4579B6E07CEB /* Inter_28pt-Bold.ttf */; };
		912983A1813643FBAA3EAAC2 /* Inter_28pt-BoldItalic.ttf in Resources */ = {isa = PBXBuildFile; fileRef = D4224862FEF4449E86B4E4C9 /* Inter_28pt-BoldItalic.ttf */; };
		2B3C2909F78D41849836C426 /* Inter_28pt-ExtraBold.ttf in Resources */ = {isa = PBXBuildFile; fileRef = 176BD0711ED24EEDA0A099BD /* Inter_28pt-ExtraBold.ttf */; };
		A3B39491EDC5429EBFBA2230 /* Inter_28pt-ExtraBoldItalic.ttf in Resources */ = {isa = PBXBuildFile; fileRef = FA91CDBDA4A0447EB8CAE284 /* Inter_28pt-ExtraBoldItalic.ttf */; };
		819ACE174EEF49C69B7337AB /* Inter_28pt-ExtraLight.ttf in Resources */ = {isa = PBXBuildFile; fileRef = B132B7D2BDCC4BF9BF6723D4 /* Inter_28pt-ExtraLight.ttf */; };
		F9B4282FDACA4DFF9C493314 /* Inter_28pt-ExtraLightItalic.ttf in Resources */ = {isa = PBXBuildFile; fileRef = 279C8787039946AAB16CA524 /* Inter_28pt-ExtraLightItalic.ttf */; };
		4F8DCF76A08A40049EE68E15 /* Inter_28pt-Italic.ttf in Resources */ = {isa = PBXBuildFile; fileRef = 4DAEC51EF1E041DF92087842 /* Inter_28pt-Italic.ttf */; };
		88E163D88E8641B5B15FDD6D /* Inter_28pt-Light.ttf in Resources */ = {isa = PBXBuildFile; fileRef = B2E16619FC0E4814943869FD /* Inter_28pt-Light.ttf */; };
		1A890348C0FB4171AE9C5704 /* Inter_28pt-LightItalic.ttf in Resources */ = {isa = PBXBuildFile; fileRef = 02DADEE594AE4127803000E7 /* Inter_28pt-LightItalic.ttf */; };
		D19F1EBF806D4B39855257A2 /* Inter_28pt-Medium.ttf in Resources */ = {isa = PBXBuildFile; fileRef = E63612A148CA44589E391AA3 /* Inter_28pt-Medium.ttf */; };
		C69FE469FCB6475BB4EDFB6D /* Inter_28pt-MediumItalic.ttf in Resources */ = {isa = PBXBuildFile; fileRef = 0D34EC54FFE14EB69F66E4E1 /* Inter_28pt-MediumItalic.ttf */; };
		B792233BB3544CB1BD14BE33 /* Inter_28pt-Regular.ttf in Resources */ = {isa = PBXBuildFile; fileRef = 33FD1858433A44A5B847C898 /* Inter_28pt-Regular.ttf */; };
		7BDEE895DF4D489ABE309590 /* Inter_28pt-SemiBold.ttf in Resources */ = {isa = PBXBuildFile; fileRef = 95627623AF9E4355BC2245F5 /* Inter_28pt-SemiBold.ttf */; };
		37449882CE71473BBC4F8DFF /* Inter_28pt-SemiBoldItalic.ttf in Resources */ = {isa = PBXBuildFile; fileRef = 325DD927C06E46EC9B8B4880 /* Inter_28pt-SemiBoldItalic.ttf */; };
		B869163FCFDC47D9B64EBC3F /* Inter_28pt-Thin.ttf in Resources */ = {isa = PBXBuildFile; fileRef = 7DF94C4801C24EC5B0F8BF9D /* Inter_28pt-Thin.ttf */; };
		CAC2E498025D43F684A2E6A6 /* Inter_28pt-ThinItalic.ttf in Resources */ = {isa = PBXBuildFile; fileRef = 921FE245978344ABBE621450 /* Inter_28pt-ThinItalic.ttf */; };
		860570C9DF6F44A78AEEE4CF /* OFL.txt in Resources */ = {isa = PBXBuildFile; fileRef = 2FFC6B8B755649139869C868 /* OFL.txt */; };
		A0FBC9A414DF41D8B186144F /* README.txt in Resources */ = {isa = PBXBuildFile; fileRef = 464118C9C16747BA939930C3 /* README.txt */; };
/* End PBXBuildFile section */

/* Begin PBXContainerItemProxy section */
		00E356F41AD99517003FC87E /* PBXContainerItemProxy */ = {
			isa = PBXContainerItemProxy;
			containerPortal = 83CBB9F71A601CBA00E9B192 /* Project object */;
			proxyType = 1;
			remoteGlobalIDString = 13B07F861A680F5B00A75B9A;
			remoteInfo = frontend;
		};
/* End PBXContainerItemProxy section */

/* Begin PBXFileReference section */
		00E356F11AD99517003FC87E /* Info.plist */ = {isa = PBXFileReference; lastKnownFileType = text.plist.xml; path = Info.plist; sourceTree = "<group>"; };
		13B07F961A680F5B00A75B9A /* frontend.app */ = {isa = PBXFileReference; explicitFileType = wrapper.application; includeInIndex = 0; path = frontend.app; sourceTree = BUILT_PRODUCTS_DIR; };
		13B07FB51A68108700A75B9A /* Images.xcassets */ = {isa = PBXFileReference; lastKnownFileType = folder.assetcatalog; name = Images.xcassets; path = frontend/Images.xcassets; sourceTree = "<group>"; };
		13B07FB61A68108700A75B9A /* Info.plist */ = {isa = PBXFileReference; fileEncoding = 4; lastKnownFileType = text.plist.xml; name = Info.plist; path = frontend/Info.plist; sourceTree = "<group>"; };
		13B07FB81A68108700A75B9A /* PrivacyInfo.xcprivacy */ = {isa = PBXFileReference; fileEncoding = 4; lastKnownFileType = text.plist.xml; name = PrivacyInfo.xcprivacy; path = frontend/PrivacyInfo.xcprivacy; sourceTree = "<group>"; };
		3B4392A12AC88292D35C810B /* Pods-frontend.debug.xcconfig */ = {isa = PBXFileReference; includeInIndex = 1; lastKnownFileType = text.xcconfig; name = "Pods-frontend.debug.xcconfig"; path = "Target Support Files/Pods-frontend/Pods-frontend.debug.xcconfig"; sourceTree = "<group>"; };
		5709B34CF0A7D63546082F79 /* Pods-frontend.release.xcconfig */ = {isa = PBXFileReference; includeInIndex = 1; lastKnownFileType = text.xcconfig; name = "Pods-frontend.release.xcconfig"; path = "Target Support Files/Pods-frontend/Pods-frontend.release.xcconfig"; sourceTree = "<group>"; };
		5DCACB8F33CDC322A6C60F78 /* libPods-frontend.a */ = {isa = PBXFileReference; explicitFileType = archive.ar; includeInIndex = 0; path = "libPods-frontend.a"; sourceTree = BUILT_PRODUCTS_DIR; };
		761780EC2CA45674006654EE /* AppDelegate.swift */ = {isa = PBXFileReference; lastKnownFileType = sourcecode.swift; name = AppDelegate.swift; path = frontend/AppDelegate.swift; sourceTree = "<group>"; };
		81AB9BB72411601600AC10FF /* LaunchScreen.storyboard */ = {isa = PBXFileReference; fileEncoding = 4; lastKnownFileType = file.storyboard; name = LaunchScreen.storyboard; path = frontend/LaunchScreen.storyboard; sourceTree = "<group>"; };
		ED297162215061F000B7C4FE /* JavaScriptCore.framework */ = {isa = PBXFileReference; lastKnownFileType = wrapper.framework; name = JavaScriptCore.framework; path = System/Library/Frameworks/JavaScriptCore.framework; sourceTree = SDKROOT; };
		7B1CA3D1FA60493EBE8BA686 /* Inter-Italic-VariableFont_opsz,wght.ttf */ = {isa = PBXFileReference; name = "Inter-Italic-VariableFont_opsz,wght.ttf"; path = "../src/assets/fonts/Inter-Italic-VariableFont_opsz,wght.ttf"; sourceTree = "<group>"; fileEncoding = undefined; lastKnownFileType = unknown; explicitFileType = undefined; includeInIndex = 0; };
		E45708BED1F3489CA9E51D19 /* Inter.ttf */ = {isa = PBXFileReference; name = "Inter.ttf"; path = "../src/assets/fonts/Inter.ttf"; sourceTree = "<group>"; fileEncoding = undefined; lastKnownFileType = unknown; explicitFileType = undefined; includeInIndex = 0; };
		811E5529304342B5A4F96FA9 /* Inter_18pt-Black.ttf */ = {isa = PBXFileReference; name = "Inter_18pt-Black.ttf"; path = "../src/assets/fonts/static/Inter_18pt-Black.ttf"; sourceTree = "<group>"; fileEncoding = undefined; lastKnownFileType = unknown; explicitFileType = undefined; includeInIndex = 0; };
		25B1EAD1187F47658605CE71 /* Inter_18pt-BlackItalic.ttf */ = {isa = PBXFileReference; name = "Inter_18pt-BlackItalic.ttf"; path = "../src/assets/fonts/static/Inter_18pt-BlackItalic.ttf"; sourceTree = "<group>"; fileEncoding = undefined; lastKnownFileType = unknown; explicitFileType = undefined; includeInIndex = 0; };
		2A805A24FD434BC9957D1984 /* Inter_18pt-Bold.ttf */ = {isa = PBXFileReference; name = "Inter_18pt-Bold.ttf"; path = "../src/assets/fonts/static/Inter_18pt-Bold.ttf"; sourceTree = "<group>"; fileEncoding = undefined; lastKnownFileType = unknown; explicitFileType = undefined; includeInIndex = 0; };
		B54139FF50264D7BA790D829 /* Inter_18pt-BoldItalic.ttf */ = {isa = PBXFileReference; name = "Inter_18pt-BoldItalic.ttf"; path = "../src/assets/fonts/static/Inter_18pt-BoldItalic.ttf"; sourceTree = "<group>"; fileEncoding = undefined; lastKnownFileType = unknown; explicitFileType = undefined; includeInIndex = 0; };
		FB9A5D436D2649B8AA873B77 /* Inter_18pt-ExtraBold.ttf */ = {isa = PBXFileReference; name = "Inter_18pt-ExtraBold.ttf"; path = "../src/assets/fonts/static/Inter_18pt-ExtraBold.ttf"; sourceTree = "<group>"; fileEncoding = undefined; lastKnownFileType = unknown; explicitFileType = undefined; includeInIndex = 0; };
		64024A3DB36540E680CA6324 /* Inter_18pt-ExtraBoldItalic.ttf */ = {isa = PBXFileReference; name = "Inter_18pt-ExtraBoldItalic.ttf"; path = "../src/assets/fonts/static/Inter_18pt-ExtraBoldItalic.ttf"; sourceTree = "<group>"; fileEncoding = undefined; lastKnownFileType = unknown; explicitFileType = undefined; includeInIndex = 0; };
		2F06766C2AF94B7CBBCB2F4C /* Inter_18pt-ExtraLight.ttf */ = {isa = PBXFileReference; name = "Inter_18pt-ExtraLight.ttf"; path = "../src/assets/fonts/static/Inter_18pt-ExtraLight.ttf"; sourceTree = "<group>"; fileEncoding = undefined; lastKnownFileType = unknown; explicitFileType = undefined; includeInIndex = 0; };
		5C808CD0617248378DD648BD /* Inter_18pt-ExtraLightItalic.ttf */ = {isa = PBXFileReference; name = "Inter_18pt-ExtraLightItalic.ttf"; path = "../src/assets/fonts/static/Inter_18pt-ExtraLightItalic.ttf"; sourceTree = "<group>"; fileEncoding = undefined; lastKnownFileType = unknown; explicitFileType = undefined; includeInIndex = 0; };
		82D883570E97457884E0D17F /* Inter_18pt-Italic.ttf */ = {isa = PBXFileReference; name = "Inter_18pt-Italic.ttf"; path = "../src/assets/fonts/static/Inter_18pt-Italic.ttf"; sourceTree = "<group>"; fileEncoding = undefined; lastKnownFileType = unknown; explicitFileType = undefined; includeInIndex = 0; };
		AEEB75B4CE874A438574637F /* Inter_18pt-Light.ttf */ = {isa = PBXFileReference; name = "Inter_18pt-Light.ttf"; path = "../src/assets/fonts/static/Inter_18pt-Light.ttf"; sourceTree = "<group>"; fileEncoding = undefined; lastKnownFileType = unknown; explicitFileType = undefined; includeInIndex = 0; };
		8381508596084AF79C91F93D /* Inter_18pt-LightItalic.ttf */ = {isa = PBXFileReference; name = "Inter_18pt-LightItalic.ttf"; path = "../src/assets/fonts/static/Inter_18pt-LightItalic.ttf"; sourceTree = "<group>"; fileEncoding = undefined; lastKnownFileType = unknown; explicitFileType = undefined; includeInIndex = 0; };
		90FD5C99AF614D5791E65DB9 /* Inter_18pt-Medium.ttf */ = {isa = PBXFileReference; name = "Inter_18pt-Medium.ttf"; path = "../src/assets/fonts/static/Inter_18pt-Medium.ttf"; sourceTree = "<group>"; fileEncoding = undefined; lastKnownFileType = unknown; explicitFileType = undefined; includeInIndex = 0; };
		E1899F06040C4A6BA27A5FBA /* Inter_18pt-MediumItalic.ttf */ = {isa = PBXFileReference; name = "Inter_18pt-MediumItalic.ttf"; path = "../src/assets/fonts/static/Inter_18pt-MediumItalic.ttf"; sourceTree = "<group>"; fileEncoding = undefined; lastKnownFileType = unknown; explicitFileType = undefined; includeInIndex = 0; };
		BA803E4EB6D949CA9C1525FE /* Inter_18pt-Regular.ttf */ = {isa = PBXFileReference; name = "Inter_18pt-Regular.ttf"; path = "../src/assets/fonts/static/Inter_18pt-Regular.ttf"; sourceTree = "<group>"; fileEncoding = undefined; lastKnownFileType = unknown; explicitFileType = undefined; includeInIndex = 0; };
		917D34EE8933468FBBA697F4 /* Inter_18pt-SemiBold.ttf */ = {isa = PBXFileReference; name = "Inter_18pt-SemiBold.ttf"; path = "../src/assets/fonts/static/Inter_18pt-SemiBold.ttf"; sourceTree = "<group>"; fileEncoding = undefined; lastKnownFileType = unknown; explicitFileType = undefined; includeInIndex = 0; };
		C8AB65EEA9354D7BB0DAF45A /* Inter_18pt-SemiBoldItalic.ttf */ = {isa = PBXFileReference; name = "Inter_18pt-SemiBoldItalic.ttf"; path = "../src/assets/fonts/static/Inter_18pt-SemiBoldItalic.ttf"; sourceTree = "<group>"; fileEncoding = undefined; lastKnownFileType = unknown; explicitFileType = undefined; includeInIndex = 0; };
		BE771A0793FD4E4ABBD6AA6E /* Inter_18pt-Thin.ttf */ = {isa = PBXFileReference; name = "Inter_18pt-Thin.ttf"; path = "../src/assets/fonts/static/Inter_18pt-Thin.ttf"; sourceTree = "<group>"; fileEncoding = undefined; lastKnownFileType = unknown; explicitFileType = undefined; includeInIndex = 0; };
		568AD59BA10E4F85BF3B4CE8 /* Inter_18pt-ThinItalic.ttf */ = {isa = PBXFileReference; name = "Inter_18pt-ThinItalic.ttf"; path = "../src/assets/fonts/static/Inter_18pt-ThinItalic.ttf"; sourceTree = "<group>"; fileEncoding = undefined; lastKnownFileType = unknown; explicitFileType = undefined; includeInIndex = 0; };
		9C032275925445BEA3D8024B /* Inter_24pt-Black.ttf */ = {isa = PBXFileReference; name = "Inter_24pt-Black.ttf"; path = "../src/assets/fonts/static/Inter_24pt-Black.ttf"; sourceTree = "<group>"; fileEncoding = undefined; lastKnownFileType = unknown; explicitFileType = undefined; includeInIndex = 0; };
		257D78C045994B8EB75EA6B5 /* Inter_24pt-BlackItalic.ttf */ = {isa = PBXFileReference; name = "Inter_24pt-BlackItalic.ttf"; path = "../src/assets/fonts/static/Inter_24pt-BlackItalic.ttf"; sourceTree = "<group>"; fileEncoding = undefined; lastKnownFileType = unknown; explicitFileType = undefined; includeInIndex = 0; };
		6F6C2335154F466A82FB9260 /* Inter_24pt-Bold.ttf */ = {isa = PBXFileReference; name = "Inter_24pt-Bold.ttf"; path = "../src/assets/fonts/static/Inter_24pt-Bold.ttf"; sourceTree = "<group>"; fileEncoding = undefined; lastKnownFileType = unknown; explicitFileType = undefined; includeInIndex = 0; };
		0D099B2C801948B282A6D2E1 /* Inter_24pt-BoldItalic.ttf */ = {isa = PBXFileReference; name = "Inter_24pt-BoldItalic.ttf"; path = "../src/assets/fonts/static/Inter_24pt-BoldItalic.ttf"; sourceTree = "<group>"; fileEncoding = undefined; lastKnownFileType = unknown; explicitFileType = undefined; includeInIndex = 0; };
		BB56349763BE4DDE9DECE7B7 /* Inter_24pt-ExtraBold.ttf */ = {isa = PBXFileReference; name = "Inter_24pt-ExtraBold.ttf"; path = "../src/assets/fonts/static/Inter_24pt-ExtraBold.ttf"; sourceTree = "<group>"; fileEncoding = undefined; lastKnownFileType = unknown; explicitFileType = undefined; includeInIndex = 0; };
		424DC1E3446A4136AF29C63D /* Inter_24pt-ExtraBoldItalic.ttf */ = {isa = PBXFileReference; name = "Inter_24pt-ExtraBoldItalic.ttf"; path = "../src/assets/fonts/static/Inter_24pt-ExtraBoldItalic.ttf"; sourceTree = "<group>"; fileEncoding = undefined; lastKnownFileType = unknown; explicitFileType = undefined; includeInIndex = 0; };
		ABFAAE94A3D9455BA848D74F /* Inter_24pt-ExtraLight.ttf */ = {isa = PBXFileReference; name = "Inter_24pt-ExtraLight.ttf"; path = "../src/assets/fonts/static/Inter_24pt-ExtraLight.ttf"; sourceTree = "<group>"; fileEncoding = undefined; lastKnownFileType = unknown; explicitFileType = undefined; includeInIndex = 0; };
		76DEB7FE78C64D44BC5257BA /* Inter_24pt-ExtraLightItalic.ttf */ = {isa = PBXFileReference; name = "Inter_24pt-ExtraLightItalic.ttf"; path = "../src/assets/fonts/static/Inter_24pt-ExtraLightItalic.ttf"; sourceTree = "<group>"; fileEncoding = undefined; lastKnownFileType = unknown; explicitFileType = undefined; includeInIndex = 0; };
		B6D77C56472D411B97B909F7 /* Inter_24pt-Italic.ttf */ = {isa = PBXFileReference; name = "Inter_24pt-Italic.ttf"; path = "../src/assets/fonts/static/Inter_24pt-Italic.ttf"; sourceTree = "<group>"; fileEncoding = undefined; lastKnownFileType = unknown; explicitFileType = undefined; includeInIndex = 0; };
		24E28B7225F74E69871B609A /* Inter_24pt-Light.ttf */ = {isa = PBXFileReference; name = "Inter_24pt-Light.ttf"; path = "../src/assets/fonts/static/Inter_24pt-Light.ttf"; sourceTree = "<group>"; fileEncoding = undefined; lastKnownFileType = unknown; explicitFileType = undefined; includeInIndex = 0; };
		EFAB773999B745B8B43C9F96 /* Inter_24pt-LightItalic.ttf */ = {isa = PBXFileReference; name = "Inter_24pt-LightItalic.ttf"; path = "../src/assets/fonts/static/Inter_24pt-LightItalic.ttf"; sourceTree = "<group>"; fileEncoding = undefined; lastKnownFileType = unknown; explicitFileType = undefined; includeInIndex = 0; };
		75F0B98020DC4728B091EA39 /* Inter_24pt-Medium.ttf */ = {isa = PBXFileReference; name = "Inter_24pt-Medium.ttf"; path = "../src/assets/fonts/static/Inter_24pt-Medium.ttf"; sourceTree = "<group>"; fileEncoding = undefined; lastKnownFileType = unknown; explicitFileType = undefined; includeInIndex = 0; };
		7C3E5F51C882441FB0EA1E15 /* Inter_24pt-MediumItalic.ttf */ = {isa = PBXFileReference; name = "Inter_24pt-MediumItalic.ttf"; path = "../src/assets/fonts/static/Inter_24pt-MediumItalic.ttf"; sourceTree = "<group>"; fileEncoding = undefined; lastKnownFileType = unknown; explicitFileType = undefined; includeInIndex = 0; };
		2C62DF060C6240409F71C2CE /* Inter_24pt-Regular.ttf */ = {isa = PBXFileReference; name = "Inter_24pt-Regular.ttf"; path = "../src/assets/fonts/static/Inter_24pt-Regular.ttf"; sourceTree = "<group>"; fileEncoding = undefined; lastKnownFileType = unknown; explicitFileType = undefined; includeInIndex = 0; };
		FAA183EA7FA8475E8B47268A /* Inter_24pt-SemiBold.ttf */ = {isa = PBXFileReference; name = "Inter_24pt-SemiBold.ttf"; path = "../src/assets/fonts/static/Inter_24pt-SemiBold.ttf"; sourceTree = "<group>"; fileEncoding = undefined; lastKnownFileType = unknown; explicitFileType = undefined; includeInIndex = 0; };
		15D62C41FF6C47E98969DE4E /* Inter_24pt-SemiBoldItalic.ttf */ = {isa = PBXFileReference; name = "Inter_24pt-SemiBoldItalic.ttf"; path = "../src/assets/fonts/static/Inter_24pt-SemiBoldItalic.ttf"; sourceTree = "<group>"; fileEncoding = undefined; lastKnownFileType = unknown; explicitFileType = undefined; includeInIndex = 0; };
		BB7647DE074D40DFA5C9203E /* Inter_24pt-Thin.ttf */ = {isa = PBXFileReference; name = "Inter_24pt-Thin.ttf"; path = "../src/assets/fonts/static/Inter_24pt-Thin.ttf"; sourceTree = "<group>"; fileEncoding = undefined; lastKnownFileType = unknown; explicitFileType = undefined; includeInIndex = 0; };
		4BA6512DA16047B2923668E8 /* Inter_24pt-ThinItalic.ttf */ = {isa = PBXFileReference; name = "Inter_24pt-ThinItalic.ttf"; path = "../src/assets/fonts/static/Inter_24pt-ThinItalic.ttf"; sourceTree = "<group>"; fileEncoding = undefined; lastKnownFileType = unknown; explicitFileType = undefined; includeInIndex = 0; };
		4712A49A3454405D8E03CA9B /* Inter_28pt-Black.ttf */ = {isa = PBXFileReference; name = "Inter_28pt-Black.ttf"; path = "../src/assets/fonts/static/Inter_28pt-Black.ttf"; sourceTree = "<group>"; fileEncoding = undefined; lastKnownFileType = unknown; explicitFileType = undefined; includeInIndex = 0; };
		4D8EFC1CC7914632885FDEBE /* Inter_28pt-BlackItalic.ttf */ = {isa = PBXFileReference; name = "Inter_28pt-BlackItalic.ttf"; path = "../src/assets/fonts/static/Inter_28pt-BlackItalic.ttf"; sourceTree = "<group>"; fileEncoding = undefined; lastKnownFileType = unknown; explicitFileType = undefined; includeInIndex = 0; };
		9F154A36159C4579B6E07CEB /* Inter_28pt-Bold.ttf */ = {isa = PBXFileReference; name = "Inter_28pt-Bold.ttf"; path = "../src/assets/fonts/static/Inter_28pt-Bold.ttf"; sourceTree = "<group>"; fileEncoding = undefined; lastKnownFileType = unknown; explicitFileType = undefined; includeInIndex = 0; };
		D4224862FEF4449E86B4E4C9 /* Inter_28pt-BoldItalic.ttf */ = {isa = PBXFileReference; name = "Inter_28pt-BoldItalic.ttf"; path = "../src/assets/fonts/static/Inter_28pt-BoldItalic.ttf"; sourceTree = "<group>"; fileEncoding = undefined; lastKnownFileType = unknown; explicitFileType = undefined; includeInIndex = 0; };
		176BD0711ED24EEDA0A099BD /* Inter_28pt-ExtraBold.ttf */ = {isa = PBXFileReference; name = "Inter_28pt-ExtraBold.ttf"; path = "../src/assets/fonts/static/Inter_28pt-ExtraBold.ttf"; sourceTree = "<group>"; fileEncoding = undefined; lastKnownFileType = unknown; explicitFileType = undefined; includeInIndex = 0; };
		FA91CDBDA4A0447EB8CAE284 /* Inter_28pt-ExtraBoldItalic.ttf */ = {isa = PBXFileReference; name = "Inter_28pt-ExtraBoldItalic.ttf"; path = "../src/assets/fonts/static/Inter_28pt-ExtraBoldItalic.ttf"; sourceTree = "<group>"; fileEncoding = undefined; lastKnownFileType = unknown; explicitFileType = undefined; includeInIndex = 0; };
		B132B7D2BDCC4BF9BF6723D4 /* Inter_28pt-ExtraLight.ttf */ = {isa = PBXFileReference; name = "Inter_28pt-ExtraLight.ttf"; path = "../src/assets/fonts/static/Inter_28pt-ExtraLight.ttf"; sourceTree = "<group>"; fileEncoding = undefined; lastKnownFileType = unknown; explicitFileType = undefined; includeInIndex = 0; };
		279C8787039946AAB16CA524 /* Inter_28pt-ExtraLightItalic.ttf */ = {isa = PBXFileReference; name = "Inter_28pt-ExtraLightItalic.ttf"; path = "../src/assets/fonts/static/Inter_28pt-ExtraLightItalic.ttf"; sourceTree = "<group>"; fileEncoding = undefined; lastKnownFileType = unknown; explicitFileType = undefined; includeInIndex = 0; };
		4DAEC51EF1E041DF92087842 /* Inter_28pt-Italic.ttf */ = {isa = PBXFileReference; name = "Inter_28pt-Italic.ttf"; path = "../src/assets/fonts/static/Inter_28pt-Italic.ttf"; sourceTree = "<group>"; fileEncoding = undefined; lastKnownFileType = unknown; explicitFileType = undefined; includeInIndex = 0; };
		B2E16619FC0E4814943869FD /* Inter_28pt-Light.ttf */ = {isa = PBXFileReference; name = "Inter_28pt-Light.ttf"; path = "../src/assets/fonts/static/Inter_28pt-Light.ttf"; sourceTree = "<group>"; fileEncoding = undefined; lastKnownFileType = unknown; explicitFileType = undefined; includeInIndex = 0; };
		02DADEE594AE4127803000E7 /* Inter_28pt-LightItalic.ttf */ = {isa = PBXFileReference; name = "Inter_28pt-LightItalic.ttf"; path = "../src/assets/fonts/static/Inter_28pt-LightItalic.ttf"; sourceTree = "<group>"; fileEncoding = undefined; lastKnownFileType = unknown; explicitFileType = undefined; includeInIndex = 0; };
		E63612A148CA44589E391AA3 /* Inter_28pt-Medium.ttf */ = {isa = PBXFileReference; name = "Inter_28pt-Medium.ttf"; path = "../src/assets/fonts/static/Inter_28pt-Medium.ttf"; sourceTree = "<group>"; fileEncoding = undefined; lastKnownFileType = unknown; explicitFileType = undefined; includeInIndex = 0; };
		0D34EC54FFE14EB69F66E4E1 /* Inter_28pt-MediumItalic.ttf */ = {isa = PBXFileReference; name = "Inter_28pt-MediumItalic.ttf"; path = "../src/assets/fonts/static/Inter_28pt-MediumItalic.ttf"; sourceTree = "<group>"; fileEncoding = undefined; lastKnownFileType = unknown; explicitFileType = undefined; includeInIndex = 0; };
		33FD1858433A44A5B847C898 /* Inter_28pt-Regular.ttf */ = {isa = PBXFileReference; name = "Inter_28pt-Regular.ttf"; path = "../src/assets/fonts/static/Inter_28pt-Regular.ttf"; sourceTree = "<group>"; fileEncoding = undefined; lastKnownFileType = unknown; explicitFileType = undefined; includeInIndex = 0; };
		95627623AF9E4355BC2245F5 /* Inter_28pt-SemiBold.ttf */ = {isa = PBXFileReference; name = "Inter_28pt-SemiBold.ttf"; path = "../src/assets/fonts/static/Inter_28pt-SemiBold.ttf"; sourceTree = "<group>"; fileEncoding = undefined; lastKnownFileType = unknown; explicitFileType = undefined; includeInIndex = 0; };
		325DD927C06E46EC9B8B4880 /* Inter_28pt-SemiBoldItalic.ttf */ = {isa = PBXFileReference; name = "Inter_28pt-SemiBoldItalic.ttf"; path = "../src/assets/fonts/static/Inter_28pt-SemiBoldItalic.ttf"; sourceTree = "<group>"; fileEncoding = undefined; lastKnownFileType = unknown; explicitFileType = undefined; includeInIndex = 0; };
		7DF94C4801C24EC5B0F8BF9D /* Inter_28pt-Thin.ttf */ = {isa = PBXFileReference; name = "Inter_28pt-Thin.ttf"; path = "../src/assets/fonts/static/Inter_28pt-Thin.ttf"; sourceTree = "<group>"; fileEncoding = undefined; lastKnownFileType = unknown; explicitFileType = undefined; includeInIndex = 0; };
		921FE245978344ABBE621450 /* Inter_28pt-ThinItalic.ttf */ = {isa = PBXFileReference; name = "Inter_28pt-ThinItalic.ttf"; path = "../src/assets/fonts/static/Inter_28pt-ThinItalic.ttf"; sourceTree = "<group>"; fileEncoding = undefined; lastKnownFileType = unknown; explicitFileType = undefined; includeInIndex = 0; };
		2FFC6B8B755649139869C868 /* OFL.txt */ = {isa = PBXFileReference; name = "OFL.txt"; path = "../src/assets/fonts/OFL.txt"; sourceTree = "<group>"; fileEncoding = undefined; lastKnownFileType = unknown; explicitFileType = undefined; includeInIndex = 0; };
		464118C9C16747BA939930C3 /* README.txt */ = {isa = PBXFileReference; name = "README.txt"; path = "../src/assets/fonts/README.txt"; sourceTree = "<group>"; fileEncoding = undefined; lastKnownFileType = unknown; explicitFileType = undefined; includeInIndex = 0; };
/* End PBXFileReference section */

/* Begin PBXFrameworksBuildPhase section */
		13B07F8C1A680F5B00A75B9A /* Frameworks */ = {
			isa = PBXFrameworksBuildPhase;
			buildActionMask = 2147483647;
			files = (
				0C80B921A6F3F58F76C31292 /* libPods-frontend.a in Frameworks */,
			);
			runOnlyForDeploymentPostprocessing = 0;
		};
/* End PBXFrameworksBuildPhase section */

/* Begin PBXGroup section */
		00E356F01AD99517003FC87E /* Supporting Files */ = {
			isa = PBXGroup;
			children = (
				00E356F11AD99517003FC87E /* Info.plist */,
			);
			name = "Supporting Files";
			sourceTree = "<group>";
		};
		13B07FAE1A68108700A75B9A /* frontend */ = {
			isa = PBXGroup;
			children = (
				13B07FB51A68108700A75B9A /* Images.xcassets */,
				761780EC2CA45674006654EE /* AppDelegate.swift */,
				13B07FB61A68108700A75B9A /* Info.plist */,
				81AB9BB72411601600AC10FF /* LaunchScreen.storyboard */,
				13B07FB81A68108700A75B9A /* PrivacyInfo.xcprivacy */,
			);
			name = frontend;
			sourceTree = "<group>";
		};
		2D16E6871FA4F8E400B85C8A /* Frameworks */ = {
			isa = PBXGroup;
			children = (
				ED297162215061F000B7C4FE /* JavaScriptCore.framework */,
				5DCACB8F33CDC322A6C60F78 /* libPods-frontend.a */,
			);
			name = Frameworks;
			sourceTree = "<group>";
		};
		832341AE1AAA6A7D00B99B32 /* Libraries */ = {
			isa = PBXGroup;
			children = (
			);
			name = Libraries;
			sourceTree = "<group>";
		};
		83CBB9F61A601CBA00E9B192 = {
			isa = PBXGroup;
			children = (
				13B07FAE1A68108700A75B9A /* frontend */,
				832341AE1AAA6A7D00B99B32 /* Libraries */,
				83CBBA001A601CBA00E9B192 /* Products */,
				2D16E6871FA4F8E400B85C8A /* Frameworks */,
				BBD78D7AC51CEA395F1C20DB /* Pods */,
				87705EB535CB45C6B5FB557A /* Resources */,
			);
			indentWidth = 2;
			sourceTree = "<group>";
			tabWidth = 2;
			usesTabs = 0;
		};
		83CBBA001A601CBA00E9B192 /* Products */ = {
			isa = PBXGroup;
			children = (
				13B07F961A680F5B00A75B9A /* frontend.app */,
			);
			name = Products;
			sourceTree = "<group>";
		};
		BBD78D7AC51CEA395F1C20DB /* Pods */ = {
			isa = PBXGroup;
			children = (
				3B4392A12AC88292D35C810B /* Pods-frontend.debug.xcconfig */,
				5709B34CF0A7D63546082F79 /* Pods-frontend.release.xcconfig */,
			);
			path = Pods;
			sourceTree = "<group>";
		};
		87705EB535CB45C6B5FB557A /* Resources */ = {
			isa = "PBXGroup";
			children = (
				7B1CA3D1FA60493EBE8BA686 /* Inter-Italic-VariableFont_opsz,wght.ttf */,
				E45708BED1F3489CA9E51D19 /* Inter.ttf */,
				811E5529304342B5A4F96FA9 /* Inter_18pt-Black.ttf */,
				25B1EAD1187F47658605CE71 /* Inter_18pt-BlackItalic.ttf */,
				2A805A24FD434BC9957D1984 /* Inter_18pt-Bold.ttf */,
				B54139FF50264D7BA790D829 /* Inter_18pt-BoldItalic.ttf */,
				FB9A5D436D2649B8AA873B77 /* Inter_18pt-ExtraBold.ttf */,
				64024A3DB36540E680CA6324 /* Inter_18pt-ExtraBoldItalic.ttf */,
				2F06766C2AF94B7CBBCB2F4C /* Inter_18pt-ExtraLight.ttf */,
				5C808CD0617248378DD648BD /* Inter_18pt-ExtraLightItalic.ttf */,
				82D883570E97457884E0D17F /* Inter_18pt-Italic.ttf */,
				AEEB75B4CE874A438574637F /* Inter_18pt-Light.ttf */,
				8381508596084AF79C91F93D /* Inter_18pt-LightItalic.ttf */,
				90FD5C99AF614D5791E65DB9 /* Inter_18pt-Medium.ttf */,
				E1899F06040C4A6BA27A5FBA /* Inter_18pt-MediumItalic.ttf */,
				BA803E4EB6D949CA9C1525FE /* Inter_18pt-Regular.ttf */,
				917D34EE8933468FBBA697F4 /* Inter_18pt-SemiBold.ttf */,
				C8AB65EEA9354D7BB0DAF45A /* Inter_18pt-SemiBoldItalic.ttf */,
				BE771A0793FD4E4ABBD6AA6E /* Inter_18pt-Thin.ttf */,
				568AD59BA10E4F85BF3B4CE8 /* Inter_18pt-ThinItalic.ttf */,
				9C032275925445BEA3D8024B /* Inter_24pt-Black.ttf */,
				257D78C045994B8EB75EA6B5 /* Inter_24pt-BlackItalic.ttf */,
				6F6C2335154F466A82FB9260 /* Inter_24pt-Bold.ttf */,
				0D099B2C801948B282A6D2E1 /* Inter_24pt-BoldItalic.ttf */,
				BB56349763BE4DDE9DECE7B7 /* Inter_24pt-ExtraBold.ttf */,
				424DC1E3446A4136AF29C63D /* Inter_24pt-ExtraBoldItalic.ttf */,
				ABFAAE94A3D9455BA848D74F /* Inter_24pt-ExtraLight.ttf */,
				76DEB7FE78C64D44BC5257BA /* Inter_24pt-ExtraLightItalic.ttf */,
				B6D77C56472D411B97B909F7 /* Inter_24pt-Italic.ttf */,
				24E28B7225F74E69871B609A /* Inter_24pt-Light.ttf */,
				EFAB773999B745B8B43C9F96 /* Inter_24pt-LightItalic.ttf */,
				75F0B98020DC4728B091EA39 /* Inter_24pt-Medium.ttf */,
				7C3E5F51C882441FB0EA1E15 /* Inter_24pt-MediumItalic.ttf */,
				2C62DF060C6240409F71C2CE /* Inter_24pt-Regular.ttf */,
				FAA183EA7FA8475E8B47268A /* Inter_24pt-SemiBold.ttf */,
				15D62C41FF6C47E98969DE4E /* Inter_24pt-SemiBoldItalic.ttf */,
				BB7647DE074D40DFA5C9203E /* Inter_24pt-Thin.ttf */,
				4BA6512DA16047B2923668E8 /* Inter_24pt-ThinItalic.ttf */,
				4712A49A3454405D8E03CA9B /* Inter_28pt-Black.ttf */,
				4D8EFC1CC7914632885FDEBE /* Inter_28pt-BlackItalic.ttf */,
				9F154A36159C4579B6E07CEB /* Inter_28pt-Bold.ttf */,
				D4224862FEF4449E86B4E4C9 /* Inter_28pt-BoldItalic.ttf */,
				176BD0711ED24EEDA0A099BD /* Inter_28pt-ExtraBold.ttf */,
				FA91CDBDA4A0447EB8CAE284 /* Inter_28pt-ExtraBoldItalic.ttf */,
				B132B7D2BDCC4BF9BF6723D4 /* Inter_28pt-ExtraLight.ttf */,
				279C8787039946AAB16CA524 /* Inter_28pt-ExtraLightItalic.ttf */,
				4DAEC51EF1E041DF92087842 /* Inter_28pt-Italic.ttf */,
				B2E16619FC0E4814943869FD /* Inter_28pt-Light.ttf */,
				02DADEE594AE4127803000E7 /* Inter_28pt-LightItalic.ttf */,
				E63612A148CA44589E391AA3 /* Inter_28pt-Medium.ttf */,
				0D34EC54FFE14EB69F66E4E1 /* Inter_28pt-MediumItalic.ttf */,
				33FD1858433A44A5B847C898 /* Inter_28pt-Regular.ttf */,
				95627623AF9E4355BC2245F5 /* Inter_28pt-SemiBold.ttf */,
				325DD927C06E46EC9B8B4880 /* Inter_28pt-SemiBoldItalic.ttf */,
				7DF94C4801C24EC5B0F8BF9D /* Inter_28pt-Thin.ttf */,
				921FE245978344ABBE621450 /* Inter_28pt-ThinItalic.ttf */,
				2FFC6B8B755649139869C868 /* OFL.txt */,
				464118C9C16747BA939930C3 /* README.txt */,
			);
			name = Resources;
			sourceTree = "<group>";
			path = "";
		};
/* End PBXGroup section */

/* Begin PBXNativeTarget section */
		13B07F861A680F5B00A75B9A /* frontend */ = {
			isa = PBXNativeTarget;
			buildConfigurationList = 13B07F931A680F5B00A75B9A /* Build configuration list for PBXNativeTarget "frontend" */;
			buildPhases = (
				C38B50BA6285516D6DCD4F65 /* [CP] Check Pods Manifest.lock */,
				13B07F871A680F5B00A75B9A /* Sources */,
				13B07F8C1A680F5B00A75B9A /* Frameworks */,
				13B07F8E1A680F5B00A75B9A /* Resources */,
				00DD1BFF1BD5951E006B06BC /* Bundle React Native code and images */,
				00EEFC60759A1932668264C0 /* [CP] Embed Pods Frameworks */,
				E235C05ADACE081382539298 /* [CP] Copy Pods Resources */,
			);
			buildRules = (
			);
			dependencies = (
			);
			name = frontend;
			productName = frontend;
			productReference = 13B07F961A680F5B00A75B9A /* frontend.app */;
			productType = "com.apple.product-type.application";
		};
/* End PBXNativeTarget section */

/* Begin PBXProject section */
		83CBB9F71A601CBA00E9B192 /* Project object */ = {
			isa = PBXProject;
			attributes = {
				LastUpgradeCheck = 1210;
				TargetAttributes = {
					13B07F861A680F5B00A75B9A = {
						LastSwiftMigration = 1120;
					};
				};
			};
			buildConfigurationList = 83CBB9FA1A601CBA00E9B192 /* Build configuration list for PBXProject "frontend" */;
			compatibilityVersion = "Xcode 12.0";
			developmentRegion = en;
			hasScannedForEncodings = 0;
			knownRegions = (
				en,
				Base,
			);
			mainGroup = 83CBB9F61A601CBA00E9B192;
			productRefGroup = 83CBBA001A601CBA00E9B192 /* Products */;
			projectDirPath = "";
			projectRoot = "";
			targets = (
				13B07F861A680F5B00A75B9A /* frontend */,
			);
		};
/* End PBXProject section */

/* Begin PBXResourcesBuildPhase section */
		00E356EC1AD99517003FC87E /* Resources */ = {
			isa = PBXResourcesBuildPhase;
			buildActionMask = 2147483647;
			files = (
			);
			runOnlyForDeploymentPostprocessing = 0;
		};
		13B07F8E1A680F5B00A75B9A /* Resources */ = {
			isa = PBXResourcesBuildPhase;
			buildActionMask = 2147483647;
			files = (
				81AB9BB82411601600AC10FF /* LaunchScreen.storyboard in Resources */,
				13B07FBF1A68108700A75B9A /* Images.xcassets in Resources */,
				04F13853AEE24C8D9283720E /* Inter-Italic-VariableFont_opsz,wght.ttf in Resources */,
				DEC553F9679443DD993AB8B7 /* Inter.ttf in Resources */,
				8AD3DE6E8E644FE38B8E7892 /* Inter_18pt-Black.ttf in Resources */,
				62C9A53A4D9F47B689CD13ED /* Inter_18pt-BlackItalic.ttf in Resources */,
				DBDF2A4B500B483DAECB50AC /* Inter_18pt-Bold.ttf in Resources */,
				B621149D059843C1926B00C9 /* Inter_18pt-BoldItalic.ttf in Resources */,
				2B6CC0BCA2024A628600B486 /* Inter_18pt-ExtraBold.ttf in Resources */,
				A821EBCF09F64ED09004F997 /* Inter_18pt-ExtraBoldItalic.ttf in Resources */,
				952BF6216AC04AD491E7185F /* Inter_18pt-ExtraLight.ttf in Resources */,
				170FEA6A9B1A40309B8DAC8F /* Inter_18pt-ExtraLightItalic.ttf in Resources */,
				F5E36A5C57064FC6959A71D1 /* Inter_18pt-Italic.ttf in Resources */,
				EDB16487823F4AA1AE37E9E9 /* Inter_18pt-Light.ttf in Resources */,
				CC0AD8EE6E934A708FD72A8B /* Inter_18pt-LightItalic.ttf in Resources */,
				9DD9D636851A4C649EF30A86 /* Inter_18pt-Medium.ttf in Resources */,
				95F1646B4F1947909CCCDA0E /* Inter_18pt-MediumItalic.ttf in Resources */,
				B7FFF96013634BCB82EDD0F2 /* Inter_18pt-Regular.ttf in Resources */,
				6118A7C9A4594D12B902FCF3 /* Inter_18pt-SemiBold.ttf in Resources */,
				3F35B36F1DF6401499A8961B /* Inter_18pt-SemiBoldItalic.ttf in Resources */,
				FA54FBDF1BC54DC0BAE184E3 /* Inter_18pt-Thin.ttf in Resources */,
				89C90B55BC7842B5BE26369E /* Inter_18pt-ThinItalic.ttf in Resources */,
				9049A926234F42BBA621C787 /* Inter_24pt-Black.ttf in Resources */,
				7FF1F4C6444144369A5AA3D7 /* Inter_24pt-BlackItalic.ttf in Resources */,
				08E20A782A494BF190140292 /* Inter_24pt-Bold.ttf in Resources */,
				084A8108A858471A8CAF5C00 /* Inter_24pt-BoldItalic.ttf in Resources */,
				29260641236E45029D036E21 /* Inter_24pt-ExtraBold.ttf in Resources */,
				7A664BB4C35F4245B1FBC0CD /* Inter_24pt-ExtraBoldItalic.ttf in Resources */,
				C8A77D78343147229E073F51 /* Inter_24pt-ExtraLight.ttf in Resources */,
				5D2C5CAC040A490BAAA39C54 /* Inter_24pt-ExtraLightItalic.ttf in Resources */,
				C4FCE7238578477890CEBDF5 /* Inter_24pt-Italic.ttf in Resources */,
				E79DF547E5A74A999FBDDED9 /* Inter_24pt-Light.ttf in Resources */,
				8C3C8DAC195A48BDB2E57440 /* Inter_24pt-LightItalic.ttf in Resources */,
				83B0AA3873C04C85B2B1178B /* Inter_24pt-Medium.ttf in Resources */,
				D38B5E9D3D4D48E0B38EB849 /* Inter_24pt-MediumItalic.ttf in Resources */,
				EB9BFEBCE74F47ADBF211015 /* Inter_24pt-Regular.ttf in Resources */,
				9444F4262F074A609D84F1CF /* Inter_24pt-SemiBold.ttf in Resources */,
				3210D9C9A6244DFD8D043E42 /* Inter_24pt-SemiBoldItalic.ttf in Resources */,
				2A070DB06C8E43ADA5CF310C /* Inter_24pt-Thin.ttf in Resources */,
				B5FF4ADAA7A74B9D9C090CBE /* Inter_24pt-ThinItalic.ttf in Resources */,
				B68F554FDC9844F2A16F2FAB /* Inter_28pt-Black.ttf in Resources */,
				BF3741AAADEE47F493932F2A /* Inter_28pt-BlackItalic.ttf in Resources */,
				14688D438B054ABCA0C86F80 /* Inter_28pt-Bold.ttf in Resources */,
				912983A1813643FBAA3EAAC2 /* Inter_28pt-BoldItalic.ttf in Resources */,
				2B3C2909F78D41849836C426 /* Inter_28pt-ExtraBold.ttf in Resources */,
				A3B39491EDC5429EBFBA2230 /* Inter_28pt-ExtraBoldItalic.ttf in Resources */,
				819ACE174EEF49C69B7337AB /* Inter_28pt-ExtraLight.ttf in Resources */,
				F9B4282FDACA4DFF9C493314 /* Inter_28pt-ExtraLightItalic.ttf in Resources */,
				4F8DCF76A08A40049EE68E15 /* Inter_28pt-Italic.ttf in Resources */,
				88E163D88E8641B5B15FDD6D /* Inter_28pt-Light.ttf in Resources */,
				1A890348C0FB4171AE9C5704 /* Inter_28pt-LightItalic.ttf in Resources */,
				D19F1EBF806D4B39855257A2 /* Inter_28pt-Medium.ttf in Resources */,
				C69FE469FCB6475BB4EDFB6D /* Inter_28pt-MediumItalic.ttf in Resources */,
				B792233BB3544CB1BD14BE33 /* Inter_28pt-Regular.ttf in Resources */,
				7BDEE895DF4D489ABE309590 /* Inter_28pt-SemiBold.ttf in Resources */,
				37449882CE71473BBC4F8DFF /* Inter_28pt-SemiBoldItalic.ttf in Resources */,
				B869163FCFDC47D9B64EBC3F /* Inter_28pt-Thin.ttf in Resources */,
				CAC2E498025D43F684A2E6A6 /* Inter_28pt-ThinItalic.ttf in Resources */,
				860570C9DF6F44A78AEEE4CF /* OFL.txt in Resources */,
				A0FBC9A414DF41D8B186144F /* README.txt in Resources */,
			);
			runOnlyForDeploymentPostprocessing = 0;
		};
/* End PBXResourcesBuildPhase section */

/* Begin PBXShellScriptBuildPhase section */
		00DD1BFF1BD5951E006B06BC /* Bundle React Native code and images */ = {
			isa = PBXShellScriptBuildPhase;
			buildActionMask = 2147483647;
			files = (
			);
			inputPaths = (
				"$(SRCROOT)/.xcode.env.local",
				"$(SRCROOT)/.xcode.env",
			);
			name = "Bundle React Native code and images";
			outputPaths = (
			);
			runOnlyForDeploymentPostprocessing = 0;
			shellPath = /bin/sh;
			shellScript = "set -e\n\nWITH_ENVIRONMENT=\"$REACT_NATIVE_PATH/scripts/xcode/with-environment.sh\"\nREACT_NATIVE_XCODE=\"$REACT_NATIVE_PATH/scripts/react-native-xcode.sh\"\n\n/bin/sh -c \"$WITH_ENVIRONMENT $REACT_NATIVE_XCODE\"\n";
		};
		00EEFC60759A1932668264C0 /* [CP] Embed Pods Frameworks */ = {
			isa = PBXShellScriptBuildPhase;
			buildActionMask = 2147483647;
			files = (
			);
			inputFileListPaths = (
				"${PODS_ROOT}/Target Support Files/Pods-frontend/Pods-frontend-frameworks-${CONFIGURATION}-input-files.xcfilelist",
			);
			name = "[CP] Embed Pods Frameworks";
			outputFileListPaths = (
				"${PODS_ROOT}/Target Support Files/Pods-frontend/Pods-frontend-frameworks-${CONFIGURATION}-output-files.xcfilelist",
			);
			runOnlyForDeploymentPostprocessing = 0;
			shellPath = /bin/sh;
			shellScript = "\"${PODS_ROOT}/Target Support Files/Pods-frontend/Pods-frontend-frameworks.sh\"\n";
			showEnvVarsInLog = 0;
		};
		C38B50BA6285516D6DCD4F65 /* [CP] Check Pods Manifest.lock */ = {
			isa = PBXShellScriptBuildPhase;
			buildActionMask = 2147483647;
			files = (
			);
			inputFileListPaths = (
			);
			inputPaths = (
				"${PODS_PODFILE_DIR_PATH}/Podfile.lock",
				"${PODS_ROOT}/Manifest.lock",
			);
			name = "[CP] Check Pods Manifest.lock";
			outputFileListPaths = (
			);
			outputPaths = (
				"$(DERIVED_FILE_DIR)/Pods-frontend-checkManifestLockResult.txt",
			);
			runOnlyForDeploymentPostprocessing = 0;
			shellPath = /bin/sh;
			shellScript = "diff \"${PODS_PODFILE_DIR_PATH}/Podfile.lock\" \"${PODS_ROOT}/Manifest.lock\" > /dev/null\nif [ $? != 0 ] ; then\n    # print error to STDERR\n    echo \"error: The sandbox is not in sync with the Podfile.lock. Run 'pod install' or update your CocoaPods installation.\" >&2\n    exit 1\nfi\n# This output is used by Xcode 'outputs' to avoid re-running this script phase.\necho \"SUCCESS\" > \"${SCRIPT_OUTPUT_FILE_0}\"\n";
			showEnvVarsInLog = 0;
		};
		E235C05ADACE081382539298 /* [CP] Copy Pods Resources */ = {
			isa = PBXShellScriptBuildPhase;
			buildActionMask = 2147483647;
			files = (
			);
			inputFileListPaths = (
				"${PODS_ROOT}/Target Support Files/Pods-frontend/Pods-frontend-resources-${CONFIGURATION}-input-files.xcfilelist",
			);
			name = "[CP] Copy Pods Resources";
			outputFileListPaths = (
				"${PODS_ROOT}/Target Support Files/Pods-frontend/Pods-frontend-resources-${CONFIGURATION}-output-files.xcfilelist",
			);
			runOnlyForDeploymentPostprocessing = 0;
			shellPath = /bin/sh;
			shellScript = "\"${PODS_ROOT}/Target Support Files/Pods-frontend/Pods-frontend-resources.sh\"\n";
			showEnvVarsInLog = 0;
		};
/* End PBXShellScriptBuildPhase section */

/* Begin PBXSourcesBuildPhase section */
		13B07F871A680F5B00A75B9A /* Sources */ = {
			isa = PBXSourcesBuildPhase;
			buildActionMask = 2147483647;
			files = (
				761780ED2CA45674006654EE /* AppDelegate.swift in Sources */,
			);
			runOnlyForDeploymentPostprocessing = 0;
		};
/* End PBXSourcesBuildPhase section */

/* Begin PBXTargetDependency section */
		00E356F51AD99517003FC87E /* PBXTargetDependency */ = {
			isa = PBXTargetDependency;
			target = 13B07F861A680F5B00A75B9A /* frontend */;
			targetProxy = 00E356F41AD99517003FC87E /* PBXContainerItemProxy */;
		};
/* End PBXTargetDependency section */

/* Begin XCBuildConfiguration section */
		13B07F941A680F5B00A75B9A /* Debug */ = {
			isa = XCBuildConfiguration;
			baseConfigurationReference = 3B4392A12AC88292D35C810B /* Pods-frontend.debug.xcconfig */;
			buildSettings = {
				ASSETCATALOG_COMPILER_APPICON_NAME = AppIcon;
				CLANG_ENABLE_MODULES = YES;
				CURRENT_PROJECT_VERSION = 1;
				ENABLE_BITCODE = NO;
				INFOPLIST_FILE = frontend/Info.plist;
				IPHONEOS_DEPLOYMENT_TARGET = 15.1;
				LD_RUNPATH_SEARCH_PATHS = (
					"$(inherited)",
					"@executable_path/Frameworks",
				);
				MARKETING_VERSION = 1.0;
				OTHER_LDFLAGS = (
					"$(inherited)",
					"-ObjC",
					"-lc++",
				);
				PRODUCT_BUNDLE_IDENTIFIER = "org.reactjs.native.example.$(PRODUCT_NAME:rfc1034identifier)";
				PRODUCT_NAME = frontend;
				SWIFT_OPTIMIZATION_LEVEL = "-Onone";
				SWIFT_VERSION = 5.0;
				VERSIONING_SYSTEM = "apple-generic";
			};
			name = Debug;
		};
		13B07F951A680F5B00A75B9A /* Release */ = {
			isa = XCBuildConfiguration;
			baseConfigurationReference = 5709B34CF0A7D63546082F79 /* Pods-frontend.release.xcconfig */;
			buildSettings = {
				ASSETCATALOG_COMPILER_APPICON_NAME = AppIcon;
				CLANG_ENABLE_MODULES = YES;
				CURRENT_PROJECT_VERSION = 1;
				INFOPLIST_FILE = frontend/Info.plist;
				IPHONEOS_DEPLOYMENT_TARGET = 15.1;
				LD_RUNPATH_SEARCH_PATHS = (
					"$(inherited)",
					"@executable_path/Frameworks",
				);
				MARKETING_VERSION = 1.0;
				OTHER_LDFLAGS = (
					"$(inherited)",
					"-ObjC",
					"-lc++",
				);
				PRODUCT_BUNDLE_IDENTIFIER = "org.reactjs.native.example.$(PRODUCT_NAME:rfc1034identifier)";
				PRODUCT_NAME = frontend;
				SWIFT_VERSION = 5.0;
				VERSIONING_SYSTEM = "apple-generic";
			};
			name = Release;
		};
		83CBBA201A601CBA00E9B192 /* Debug */ = {
			isa = XCBuildConfiguration;
			buildSettings = {
				ALWAYS_SEARCH_USER_PATHS = NO;
				CLANG_ANALYZER_LOCALIZABILITY_NONLOCALIZED = YES;
				CLANG_CXX_LANGUAGE_STANDARD = "c++20";
				CLANG_CXX_LIBRARY = "libc++";
				CLANG_ENABLE_MODULES = YES;
				CLANG_ENABLE_OBJC_ARC = YES;
				CLANG_WARN_BLOCK_CAPTURE_AUTORELEASING = YES;
				CLANG_WARN_BOOL_CONVERSION = YES;
				CLANG_WARN_COMMA = YES;
				CLANG_WARN_CONSTANT_CONVERSION = YES;
				CLANG_WARN_DEPRECATED_OBJC_IMPLEMENTATIONS = YES;
				CLANG_WARN_DIRECT_OBJC_ISA_USAGE = YES_ERROR;
				CLANG_WARN_EMPTY_BODY = YES;
				CLANG_WARN_ENUM_CONVERSION = YES;
				CLANG_WARN_INFINITE_RECURSION = YES;
				CLANG_WARN_INT_CONVERSION = YES;
				CLANG_WARN_NON_LITERAL_NULL_CONVERSION = YES;
				CLANG_WARN_OBJC_IMPLICIT_RETAIN_SELF = YES;
				CLANG_WARN_OBJC_LITERAL_CONVERSION = YES;
				CLANG_WARN_OBJC_ROOT_CLASS = YES_ERROR;
				CLANG_WARN_QUOTED_INCLUDE_IN_FRAMEWORK_HEADER = YES;
				CLANG_WARN_RANGE_LOOP_ANALYSIS = YES;
				CLANG_WARN_STRICT_PROTOTYPES = YES;
				CLANG_WARN_SUSPICIOUS_MOVE = YES;
				CLANG_WARN_UNREACHABLE_CODE = YES;
				CLANG_WARN__DUPLICATE_METHOD_MATCH = YES;
				"CODE_SIGN_IDENTITY[sdk=iphoneos*]" = "iPhone Developer";
				COPY_PHASE_STRIP = NO;
				ENABLE_STRICT_OBJC_MSGSEND = YES;
				ENABLE_TESTABILITY = YES;
				"EXCLUDED_ARCHS[sdk=iphonesimulator*]" = "";
				GCC_C_LANGUAGE_STANDARD = gnu99;
				GCC_DYNAMIC_NO_PIC = NO;
				GCC_NO_COMMON_BLOCKS = YES;
				GCC_OPTIMIZATION_LEVEL = 0;
				GCC_PREPROCESSOR_DEFINITIONS = (
					"DEBUG=1",
					"$(inherited)",
				);
				GCC_SYMBOLS_PRIVATE_EXTERN = NO;
				GCC_WARN_64_TO_32_BIT_CONVERSION = YES;
				GCC_WARN_ABOUT_RETURN_TYPE = YES_ERROR;
				GCC_WARN_UNDECLARED_SELECTOR = YES;
				GCC_WARN_UNINITIALIZED_AUTOS = YES_AGGRESSIVE;
				GCC_WARN_UNUSED_FUNCTION = YES;
				GCC_WARN_UNUSED_VARIABLE = YES;
				IPHONEOS_DEPLOYMENT_TARGET = 15.1;
				LD_RUNPATH_SEARCH_PATHS = (
					/usr/lib/swift,
					"$(inherited)",
				);
				LIBRARY_SEARCH_PATHS = (
					"\"$(SDKROOT)/usr/lib/swift\"",
					"\"$(TOOLCHAIN_DIR)/usr/lib/swift/$(PLATFORM_NAME)\"",
					"\"$(inherited)\"",
				);
				MTL_ENABLE_DEBUG_INFO = YES;
				ONLY_ACTIVE_ARCH = YES;
				OTHER_CPLUSPLUSFLAGS = (
					"$(OTHER_CFLAGS)",
					"-DFOLLY_NO_CONFIG",
					"-DFOLLY_MOBILE=1",
					"-DFOLLY_USE_LIBCPP=1",
					"-DFOLLY_CFG_NO_COROUTINES=1",
					"-DFOLLY_HAVE_CLOCK_GETTIME=1",
				);
				SDKROOT = iphoneos;
			};
			name = Debug;
		};
		83CBBA211A601CBA00E9B192 /* Release */ = {
			isa = XCBuildConfiguration;
			buildSettings = {
				ALWAYS_SEARCH_USER_PATHS = NO;
				CLANG_ANALYZER_LOCALIZABILITY_NONLOCALIZED = YES;
				CLANG_CXX_LANGUAGE_STANDARD = "c++20";
				CLANG_CXX_LIBRARY = "libc++";
				CLANG_ENABLE_MODULES = YES;
				CLANG_ENABLE_OBJC_ARC = YES;
				CLANG_WARN_BLOCK_CAPTURE_AUTORELEASING = YES;
				CLANG_WARN_BOOL_CONVERSION = YES;
				CLANG_WARN_COMMA = YES;
				CLANG_WARN_CONSTANT_CONVERSION = YES;
				CLANG_WARN_DEPRECATED_OBJC_IMPLEMENTATIONS = YES;
				CLANG_WARN_DIRECT_OBJC_ISA_USAGE = YES_ERROR;
				CLANG_WARN_EMPTY_BODY = YES;
				CLANG_WARN_ENUM_CONVERSION = YES;
				CLANG_WARN_INFINITE_RECURSION = YES;
				CLANG_WARN_INT_CONVERSION = YES;
				CLANG_WARN_NON_LITERAL_NULL_CONVERSION = YES;
				CLANG_WARN_OBJC_IMPLICIT_RETAIN_SELF = YES;
				CLANG_WARN_OBJC_LITERAL_CONVERSION = YES;
				CLANG_WARN_OBJC_ROOT_CLASS = YES_ERROR;
				CLANG_WARN_QUOTED_INCLUDE_IN_FRAMEWORK_HEADER = YES;
				CLANG_WARN_RANGE_LOOP_ANALYSIS = YES;
				CLANG_WARN_STRICT_PROTOTYPES = YES;
				CLANG_WARN_SUSPICIOUS_MOVE = YES;
				CLANG_WARN_UNREACHABLE_CODE = YES;
				CLANG_WARN__DUPLICATE_METHOD_MATCH = YES;
				"CODE_SIGN_IDENTITY[sdk=iphoneos*]" = "iPhone Developer";
				COPY_PHASE_STRIP = YES;
				ENABLE_NS_ASSERTIONS = NO;
				ENABLE_STRICT_OBJC_MSGSEND = YES;
				"EXCLUDED_ARCHS[sdk=iphonesimulator*]" = "";
				GCC_C_LANGUAGE_STANDARD = gnu99;
				GCC_NO_COMMON_BLOCKS = YES;
				GCC_WARN_64_TO_32_BIT_CONVERSION = YES;
				GCC_WARN_ABOUT_RETURN_TYPE = YES_ERROR;
				GCC_WARN_UNDECLARED_SELECTOR = YES;
				GCC_WARN_UNINITIALIZED_AUTOS = YES_AGGRESSIVE;
				GCC_WARN_UNUSED_FUNCTION = YES;
				GCC_WARN_UNUSED_VARIABLE = YES;
				IPHONEOS_DEPLOYMENT_TARGET = 15.1;
				LD_RUNPATH_SEARCH_PATHS = (
					/usr/lib/swift,
					"$(inherited)",
				);
				LIBRARY_SEARCH_PATHS = (
					"\"$(SDKROOT)/usr/lib/swift\"",
					"\"$(TOOLCHAIN_DIR)/usr/lib/swift/$(PLATFORM_NAME)\"",
					"\"$(inherited)\"",
				);
				MTL_ENABLE_DEBUG_INFO = NO;
				OTHER_CPLUSPLUSFLAGS = (
					"$(OTHER_CFLAGS)",
					"-DFOLLY_NO_CONFIG",
					"-DFOLLY_MOBILE=1",
					"-DFOLLY_USE_LIBCPP=1",
					"-DFOLLY_CFG_NO_COROUTINES=1",
					"-DFOLLY_HAVE_CLOCK_GETTIME=1",
				);
				SDKROOT = iphoneos;
				VALIDATE_PRODUCT = YES;
			};
			name = Release;
		};
/* End XCBuildConfiguration section */

/* Begin XCConfigurationList section */
		13B07F931A680F5B00A75B9A /* Build configuration list for PBXNativeTarget "frontend" */ = {
			isa = XCConfigurationList;
			buildConfigurations = (
				13B07F941A680F5B00A75B9A /* Debug */,
				13B07F951A680F5B00A75B9A /* Release */,
			);
			defaultConfigurationIsVisible = 0;
			defaultConfigurationName = Release;
		};
		83CBB9FA1A601CBA00E9B192 /* Build configuration list for PBXProject "frontend" */ = {
			isa = XCConfigurationList;
			buildConfigurations = (
				83CBBA201A601CBA00E9B192 /* Debug */,
				83CBBA211A601CBA00E9B192 /* Release */,
			);
			defaultConfigurationIsVisible = 0;
			defaultConfigurationName = Release;
		};
/* End XCConfigurationList section */
	};
	rootObject = 83CBB9F71A601CBA00E9B192 /* Project object */;
}
